
Microsoft Visual Studio Solution File, Format Version 12.00
# Visual Studio Version 17
VisualStudioVersion = 17.6.33815.320
MinimumVisualStudioVersion = 10.0.40219.1
Project("{FAE04EC0-301F-11D3-BF4B-00C04F79EFBC}") = "ArregloEjemplo1", "ArregloEjemplo1\ArregloEjemplo1.csproj", "{48024523-C71D-4BCE-A000-885D4C584AC0}"
EndProject
Global
	GlobalSection(SolutionConfigurationPlatforms) = preSolution
		Debug|Any CPU = Debug|Any CPU
		Release|Any CPU = Release|Any CPU
	EndGlobalSection
	GlobalSection(ProjectConfigurationPlatforms) = postSolution
		{48024523-C71D-4BCE-A000-885D4C584AC0}.Debug|Any CPU.ActiveCfg = Debug|Any CPU
		{48024523-C71D-4BCE-A000-885D4C584AC0}.Debug|Any CPU.Build.0 = Debug|Any CPU
		{48024523-C71D-4BCE-A000-885D4C584AC0}.Release|Any CPU.ActiveCfg = Release|Any CPU
		{48024523-C71D-4BCE-A000-885D4C584AC0}.Release|Any CPU.Build.0 = Release|Any CPU
	EndGlobalSection
	GlobalSection(SolutionProperties) = preSolution
		HideSolutionNode = FALSE
	EndGlobalSection
	GlobalSection(ExtensibilityGlobals) = postSolution
		SolutionGuid = {C67A048F-955C-4985-A1AB-08778CA34F69}
	EndGlobalSection
EndGlobal
